<?xml version="1.0" encoding="utf-8"?>
<Project ToolsVersion="4.0" xmlns="http://schemas.microsoft.com/developer/msbuild/2003">
  <ItemGroup>
    <Filter Include="Source Files">
      <UniqueIdentifier>{4FC737F1-C7A5-4376-A066-2A32D752A2FF}</UniqueIdentifier>
      <Extensions>cpp;c;cc;cxx;def;odl;idl;hpj;bat;asm;asmx</Extensions>
    </Filter>
    <Filter Include="Header Files">
      <UniqueIdentifier>{93995380-89BD-4b04-88EB-625FBE52EBFB}</UniqueIdentifier>
      <Extensions>h;hh;hpp;hxx;hm;inl;inc;xsd</Extensions>
    </Filter>
    <Filter Include="Resource Files">
      <UniqueIdentifier>{67DA6AB6-F800-4c08-8B7A-83BB121AAD01}</UniqueIdentifier>
      <Extensions>rc;ico;cur;bmp;dlg;rc2;rct;bin;rgs;gif;jpg;jpeg;jpe;resx;tiff;tif;png;wav;mfcribbon-ms</Extensions>
    </Filter>
  </ItemGroup>
  <ItemGroup>
    <Text Include="ReadMe.txt" />
  </ItemGroup>
  <ItemGroup>
    <ClInclude Include="ColorMapper.h">
      <Filter>Header Files</Filter>
    </ClInclude>
    <ClInclude Include="ColorMapperDlg.h">
      <Filter>Header Files</Filter>
    </ClInclude>
    <ClInclude Include="stdafx.h">
      <Filter>Header Files</Filter>
    </ClInclude>
    <ClInclude Include="targetver.h">
      <Filter>Header Files</Filter>
    </ClInclude>
    <ClInclude Include="Resource.h">
      <Filter>Header Files</Filter>
    </ClInclude>
    <ClInclude Include="FalseColorPickerDialog.h">
      <Filter>Header Files</Filter>
    </ClInclude>
    <ClInclude Include="MatImageDialog.h">
      <Filter>Header Files</Filter>
    </ClInclude>
    <ClInclude Include="MatCImageConverter.h">
      <Filter>Header Files</Filter>
    </ClInclude>
    <ClInclude Include="DMReader.h">
      <Filter>Header Files</Filter>
    </ClInclude>
  </ItemGroup>
  <ItemGroup>
    <ClCompile Include="ColorMapper.cpp">
      <Filter>Source Files</Filter>
    </ClCompile>
    <ClCompile Include="ColorMapperDlg.cpp">
      <Filter>Source Files</Filter>
    </ClCompile>
    <ClCompile Include="stdafx.cpp">
      <Filter>Source Files</Filter>
    </ClCompile>
    <ClCompile Include="FalseColorPickerDialog.cpp">
      <Filter>Source Files</Filter>
    </ClCompile>
    <ClCompile Include="MatImageDialog.cpp">
      <Filter>Source Files</Filter>
    </ClCompile>
    <ClCompile Include="MatCImageConverter.cpp">
      <Filter>Source Files</Filter>
    </ClCompile>
    <ClCompile Include="DMRreader.cpp">
      <Filter>Source Files</Filter>
    </ClCompile>
  </ItemGroup>
  <ItemGroup>
    <ResourceCompile Include="ColorMapper.rc">
      <Filter>Resource Files</Filter>
    </ResourceCompile>
  </ItemGroup>
  <ItemGroup>
    <None Include="res\ColorMapper.rc2">
      <Filter>Resource Files</Filter>
    </None>
    <None Include="res\1.dm3">
      <Filter>Resource Files</Filter>
    </None>
  </ItemGroup>
  <ItemGroup>
    <Image Include="res\ColorMapper.ico">
      <Filter>Resource Files</Filter>
    </Image>
    <Image Include="res\colorscale_winter.bmp">
      <Filter>Resource Files</Filter>
    </Image>
    <Image Include="res\colorscale_summer.bmp">
      <Filter>Resource Files</Filter>
    </Image>
    <Image Include="res\colorscale_spring.bmp">
      <Filter>Resource Files</Filter>
    </Image>
    <Image Include="res\colorscale_rainbow.bmp">
      <Filter>Resource Files</Filter>
    </Image>
    <Image Include="res\colorscale_pink.bmp">
      <Filter>Resource Files</Filter>
    </Image>
    <Image Include="res\colorscale_ocean.bmp">
      <Filter>Resource Files</Filter>
    </Image>
    <Image Include="res\colorscale_jet.bmp">
      <Filter>Resource Files</Filter>
    </Image>
    <Image Include="res\colorscale_hsv.bmp">
      <Filter>Resource Files</Filter>
    </Image>
    <Image Include="res\colorscale_hot.bmp">
      <Filter>Resource Files</Filter>
    </Image>
    <Image Include="res\colorscale_cool.bmp">
      <Filter>Resource Files</Filter>
    </Image>
    <Image Include="res\colorscale_bone.bmp">
      <Filter>Resource Files</Filter>
    </Image>
    <Image Include="res\colorscale_autumn.bmp">
      <Filter>Resource Files</Filter>
    </Image>
    <Image Include="res\Lenna.png">
      <Filter>Resource Files</Filter>
    </Image>
    <Image Include="res\testHSV.png">
      <Filter>Resource Files</Filter>
    </Image>
  </ItemGroup>
</Project>